
Microsoft Visual Studio Solution File, Format Version 12.00
# Visual Studio Version 17
VisualStudioVersion = 17.0.32126.317
MinimumVisualStudioVersion = 10.0.40219.1
Project("{FAE04EC0-301F-11D3-BF4B-00C04F79EFBC}") = "Packet", "Packet\Packet.csproj", "{6C96795B-BD1E-4FCE-AD5D-9FC1E5B62E5E}"
EndProject
Project("{FAE04EC0-301F-11D3-BF4B-00C04F79EFBC}") = "ClassLibrary1", "ClassLibrary1\ClassLibrary1.csproj", "{AE59CDE1-EA8D-4D00-97BE-AFCF52111773}"
EndProject
Global
	GlobalSection(SolutionConfigurationPlatforms) = preSolution
		Debug|Any CPU = Debug|Any CPU
		Release|Any CPU = Release|Any CPU
	EndGlobalSection
	GlobalSection(ProjectConfigurationPlatforms) = postSolution
		{6C96795B-BD1E-4FCE-AD5D-9FC1E5B62E5E}.Debug|Any CPU.ActiveCfg = Debug|Any CPU
		{6C96795B-BD1E-4FCE-AD5D-9FC1E5B62E5E}.Debug|Any CPU.Build.0 = Debug|Any CPU
		{6C96795B-BD1E-4FCE-AD5D-9FC1E5B62E5E}.Release|Any CPU.ActiveCfg = Release|Any CPU
		{6C96795B-BD1E-4FCE-AD5D-9FC1E5B62E5E}.Release|Any CPU.Build.0 = Release|Any CPU
		{AE59CDE1-EA8D-4D00-97BE-AFCF52111773}.Debug|Any CPU.ActiveCfg = Debug|Any CPU
		{AE59CDE1-EA8D-4D00-97BE-AFCF52111773}.Debug|Any CPU.Build.0 = Debug|Any CPU
		{AE59CDE1-EA8D-4D00-97BE-AFCF52111773}.Release|Any CPU.ActiveCfg = Release|Any CPU
		{AE59CDE1-EA8D-4D00-97BE-AFCF52111773}.Release|Any CPU.Build.0 = Release|Any CPU
	EndGlobalSection
	GlobalSection(SolutionProperties) = preSolution
		HideSolutionNode = FALSE
	EndGlobalSection
	GlobalSection(ExtensibilityGlobals) = postSolution
		SolutionGuid = {7CFF950B-664C-4E16-9A45-F534FEF923B9}
	EndGlobalSection
EndGlobal
